// !$*UTF8*$!
{
	archiveVersion = 1;
	classes = {
	};
	objectVersion = 56;
	objects = {

/* Begin PBXBuildFile section */
		1B000012C5824AA00039001 /* AppLogger.swift in Sources */ = {isa = PBXBuildFile; fileRef = 1A000012C5824AA00039001 /* AppLogger.swift */; };
		1B000012C5824AA00039002 /* AirQualityError.swift in Sources */ = {isa = PBXBuildFile; fileRef = 1A000012C5824AA00039002 /* AirQualityError.swift */; };
		1B000012C5824AA00039003 /* AQIMetrics.swift in Sources */ = {isa = PBXBuildFile; fileRef = 1A000012C5824AA00039003 /* AQIMetrics.swift */; };
		1B000012C5824AA00039004 /* AirQualityModels.swift in Sources */ = {isa = PBXBuildFile; fileRef = 1A000012C5824AA00039004 /* AirQualityModels.swift */; };
		1B000012C5824AA00039005 /* AirQualityCache.swift in Sources */ = {isa = PBXBuildFile; fileRef = 1A000012C5824AA00039005 /* AirQualityCache.swift */; };
		1B000012C5824AA00039006 /* AirQualityService.swift in Sources */ = {isa = PBXBuildFile; fileRef = 1A000012C5824AA00039006 /* AirQualityService.swift */; };
		1B000012C5824AA00039007 /* LocationService.swift in Sources */ = {isa = PBXBuildFile; fileRef = 1A000012C5824AA00039007 /* LocationService.swift */; };
		1B000012C5824AA00039008 /* AirQualityViewModel.swift in Sources */ = {isa = PBXBuildFile; fileRef = 1A000012C5824AA00039008 /* AirQualityViewModel.swift */; };
		1B000012C5824AA00039009 /* PreferencesView.swift in Sources */ = {isa = PBXBuildFile; fileRef = 1A000012C5824AA00039009 /* PreferencesView.swift */; };
		1B000012C5824AA0003900A /* AirQualityInfoView.swift in Sources */ = {isa = PBXBuildFile; fileRef = 1A000012C5824AA0003900A /* AirQualityInfoView.swift */; };
		1B000012C5824AA0003900B /* NSColor+AQI.swift in Sources */ = {isa = PBXBuildFile; fileRef = 1A000012C5824AA0003900B /* NSColor+AQI.swift */; };
		1B000012C5824AA0003900C /* WelcomeView.swift in Sources */ = {isa = PBXBuildFile; fileRef = 1A000012C5824AA0003900C /* WelcomeView.swift */; };
		8E28E5362C5824AA00039007 /* air_qualityApp.swift in Sources */ = {isa = PBXBuildFile; fileRef = 8E28E5352C5824AA00039007 /* air_qualityApp.swift */; };
		8E859D382C5927700043F4A8 /* ContentView.swift in Sources */ = {isa = PBXBuildFile; fileRef = 8E859D372C5927700043F4A8 /* ContentView.swift */; };
		8EBA47DE2C5A792200CC9C30 /* Assets.xcassets in Resources */ = {isa = PBXBuildFile; fileRef = 8EBA47DD2C5A792200CC9C30 /* Assets.xcassets */; };
		9E000012C5824AA00039001 /* AQIMetricsTests.swift in Sources */ = {isa = PBXBuildFile; fileRef = 9D000012C5824AA00039001 /* AQIMetricsTests.swift */; };
		9E000012C5824AA00039002 /* AirQualityDecodingTests.swift in Sources */ = {isa = PBXBuildFile; fileRef = 9D000012C5824AA00039002 /* AirQualityDecodingTests.swift */; };
/* End PBXBuildFile section */

/* Begin PBXContainerItemProxy section */
		9F000012C5824AA00039001 /* PBXContainerItemProxy */ = {
			isa = PBXContainerItemProxy;
			containerPortal = 8E28E52A2C5824AA00039007 /* Project object */;
			proxyType = 1;
			remoteGlobalIDString = 8E28E5312C5824AA00039007;
			remoteInfo = Oxygenie;
		};
/* End PBXContainerItemProxy section */

/* Begin PBXFileReference section */
		1A000012C5824AA00039001 /* AppLogger.swift */ = {isa = PBXFileReference; lastKnownFileType = sourcecode.swift; path = AppLogger.swift; sourceTree = "<group>"; };
		1A000012C5824AA00039002 /* AirQualityError.swift */ = {isa = PBXFileReference; lastKnownFileType = sourcecode.swift; path = AirQualityError.swift; sourceTree = "<group>"; };
		1A000012C5824AA00039003 /* AQIMetrics.swift */ = {isa = PBXFileReference; lastKnownFileType = sourcecode.swift; path = AQIMetrics.swift; sourceTree = "<group>"; };
		1A000012C5824AA00039004 /* AirQualityModels.swift */ = {isa = PBXFileReference; lastKnownFileType = sourcecode.swift; path = AirQualityModels.swift; sourceTree = "<group>"; };
		1A000012C5824AA00039005 /* AirQualityCache.swift */ = {isa = PBXFileReference; lastKnownFileType = sourcecode.swift; path = AirQualityCache.swift; sourceTree = "<group>"; };
		1A000012C5824AA00039006 /* AirQualityService.swift */ = {isa = PBXFileReference; lastKnownFileType = sourcecode.swift; path = AirQualityService.swift; sourceTree = "<group>"; };
		1A000012C5824AA00039007 /* LocationService.swift */ = {isa = PBXFileReference; lastKnownFileType = sourcecode.swift; path = LocationService.swift; sourceTree = "<group>"; };
		1A000012C5824AA00039008 /* AirQualityViewModel.swift */ = {isa = PBXFileReference; lastKnownFileType = sourcecode.swift; path = AirQualityViewModel.swift; sourceTree = "<group>"; };
		1A000012C5824AA00039009 /* PreferencesView.swift */ = {isa = PBXFileReference; lastKnownFileType = sourcecode.swift; path = PreferencesView.swift; sourceTree = "<group>"; };
		1A000012C5824AA0003900A /* AirQualityInfoView.swift */ = {isa = PBXFileReference; lastKnownFileType = sourcecode.swift; path = AirQualityInfoView.swift; sourceTree = "<group>"; };
		1A000012C5824AA0003900B /* NSColor+AQI.swift */ = {isa = PBXFileReference; lastKnownFileType = sourcecode.swift; path = "NSColor+AQI.swift"; sourceTree = "<group>"; };
		1A000012C5824AA0003900C /* WelcomeView.swift */ = {isa = PBXFileReference; lastKnownFileType = sourcecode.swift; path = WelcomeView.swift; sourceTree = "<group>"; };
		8E28E5322C5824AA00039007 /* Oxygenie.app */ = {isa = PBXFileReference; explicitFileType = wrapper.application; includeInIndex = 0; path = Oxygenie.app; sourceTree = BUILT_PRODUCTS_DIR; };
		8E28E5352C5824AA00039007 /* air_qualityApp.swift */ = {isa = PBXFileReference; lastKnownFileType = sourcecode.swift; path = air_qualityApp.swift; sourceTree = "<group>"; };
		8E859D372C5927700043F4A8 /* ContentView.swift */ = {isa = PBXFileReference; lastKnownFileType = sourcecode.swift; path = ContentView.swift; sourceTree = "<group>"; };
		8EBA47DD2C5A792200CC9C30 /* Assets.xcassets */ = {isa = PBXFileReference; lastKnownFileType = folder.assetcatalog; path = Assets.xcassets; sourceTree = "<group>"; };
		8EBA47E02C5A7E7B00CC9C30 /* air-quality.entitlements */ = {isa = PBXFileReference; fileEncoding = 4; lastKnownFileType = text.plist.entitlements; path = "air-quality.entitlements"; sourceTree = "<group>"; };
		9C000012C5824AA00039001 /* OxygenieTests.xctest */ = {isa = PBXFileReference; explicitFileType = wrapper.cfbundle; includeInIndex = 0; path = OxygenieTests.xctest; sourceTree = BUILT_PRODUCTS_DIR; };
		9D000012C5824AA00039001 /* AQIMetricsTests.swift */ = {isa = PBXFileReference; lastKnownFileType = sourcecode.swift; path = AQIMetricsTests.swift; sourceTree = "<group>"; };
		9D000012C5824AA00039002 /* AirQualityDecodingTests.swift */ = {isa = PBXFileReference; lastKnownFileType = sourcecode.swift; path = AirQualityDecodingTests.swift; sourceTree = "<group>"; };
/* End PBXFileReference section */

/* Begin PBXFrameworksBuildPhase section */
		8E28E52F2C5824AA00039007 /* Frameworks */ = {
			isa = PBXFrameworksBuildPhase;
			buildActionMask = 2147483647;
			files = (
			);
			runOnlyForDeploymentPostprocessing = 0;
		};
		9B000012C5824AA00039001 /* Frameworks */ = {
			isa = PBXFrameworksBuildPhase;
			buildActionMask = 2147483647;
			files = (
			);
			runOnlyForDeploymentPostprocessing = 0;
		};
/* End PBXFrameworksBuildPhase section */

/* Begin PBXGroup section */
		1C000012C5824AA00039001 /* Models */ = {
			isa = PBXGroup;
			children = (
				1A000012C5824AA00039002 /* AirQualityError.swift */,
				1A000012C5824AA00039003 /* AQIMetrics.swift */,
				1A000012C5824AA00039004 /* AirQualityModels.swift */,
			);
			path = Models;
			sourceTree = "<group>";
		};
		1C000012C5824AA00039002 /* Services */ = {
			isa = PBXGroup;
			children = (
				1A000012C5824AA00039005 /* AirQualityCache.swift */,
				1A000012C5824AA00039006 /* AirQualityService.swift */,
				1A000012C5824AA00039007 /* LocationService.swift */,
			);
			path = Services;
			sourceTree = "<group>";
		};
		1C000012C5824AA00039003 /* ViewModels */ = {
			isa = PBXGroup;
			children = (
				1A000012C5824AA00039008 /* AirQualityViewModel.swift */,
			);
			path = ViewModels;
			sourceTree = "<group>";
		};
		1C000012C5824AA00039004 /* Views */ = {
			isa = PBXGroup;
			children = (
				1A000012C5824AA00039009 /* PreferencesView.swift */,
				1A000012C5824AA0003900A /* AirQualityInfoView.swift */,
				1A000012C5824AA0003900C /* WelcomeView.swift */,
			);
			path = Views;
			sourceTree = "<group>";
		};
		1C000012C5824AA00039005 /* Utilities */ = {
			isa = PBXGroup;
			children = (
				1A000012C5824AA00039001 /* AppLogger.swift */,
				1A000012C5824AA0003900B /* NSColor+AQI.swift */,
			);
			path = Utilities;
			sourceTree = "<group>";
		};
		8E28E5292C5824AA00039007 = {
			isa = PBXGroup;
			children = (
				8EBA47E02C5A7E7B00CC9C30 /* air-quality.entitlements */,
				8EBA47DD2C5A792200CC9C30 /* Assets.xcassets */,
				8E28E5342C5824AA00039007 /* air-quality */,
				9D000012C5824AA00039000 /* OxygenieTests */,
				8E28E5332C5824AA00039007 /* Products */,
			);
			sourceTree = "<group>";
		};
		8E28E5332C5824AA00039007 /* Products */ = {
			isa = PBXGroup;
			children = (
				8E28E5322C5824AA00039007 /* Oxygenie.app */,
				9C000012C5824AA00039001 /* OxygenieTests.xctest */,
			);
			name = Products;
			sourceTree = "<group>";
		};
		8E28E5342C5824AA00039007 /* air-quality */ = {
			isa = PBXGroup;
			children = (
				8E28E5352C5824AA00039007 /* air_qualityApp.swift */,
				8E859D372C5927700043F4A8 /* ContentView.swift */,
				1C000012C5824AA00039001 /* Models */,
				1C000012C5824AA00039002 /* Services */,
				1C000012C5824AA00039003 /* ViewModels */,
				1C000012C5824AA00039004 /* Views */,
				1C000012C5824AA00039005 /* Utilities */,
			);
			path = "air-quality";
			sourceTree = "<group>";
		};
		9D000012C5824AA00039000 /* OxygenieTests */ = {
			isa = PBXGroup;
			children = (
				9D000012C5824AA00039001 /* AQIMetricsTests.swift */,
				9D000012C5824AA00039002 /* AirQualityDecodingTests.swift */,
			);
			path = OxygenieTests;
			sourceTree = "<group>";
		};
/* End PBXGroup section */

/* Begin PBXNativeTarget section */
		8E28E5312C5824AA00039007 /* Oxygenie */ = {
			isa = PBXNativeTarget;
			buildConfigurationList = 8E28E5412C5824AC00039007 /* Build configuration list for PBXNativeTarget "Oxygenie" */;
			buildPhases = (
				8E28E52E2C5824AA00039007 /* Sources */,
				8E28E52F2C5824AA00039007 /* Frameworks */,
				8E28E5302C5824AA00039007 /* Resources */,
			);
			buildRules = (
			);
			dependencies = (
			);
			name = Oxygenie;
			productName = "air-quality";
			productReference = 8E28E5322C5824AA00039007 /* Oxygenie.app */;
			productType = "com.apple.product-type.application";
		};
		9A000012C5824AA00039001 /* OxygenieTests */ = {
			isa = PBXNativeTarget;
			buildConfigurationList = 9A000012C5824AA00039002 /* Build configuration list for PBXNativeTarget "OxygenieTests" */;
			buildPhases = (
				9A000012C5824AA00039003 /* Sources */,
				9B000012C5824AA00039001 /* Frameworks */,
				9A000012C5824AA00039004 /* Resources */,
			);
			buildRules = (
			);
			dependencies = (
				9F000012C5824AA00039002 /* PBXTargetDependency */,
			);
			name = OxygenieTests;
			productName = OxygenieTests;
			productReference = 9C000012C5824AA00039001 /* OxygenieTests.xctest */;
			productType = "com.apple.product-type.bundle.unit-test";
		};
/* End PBXNativeTarget section */

/* Begin PBXProject section */
		8E28E52A2C5824AA00039007 /* Project object */ = {
			isa = PBXProject;
			attributes = {
				BuildIndependentTargetsInParallel = 1;
				LastSwiftUpdateCheck = 1540;
				LastUpgradeCheck = 1540;
				TargetAttributes = {
					8E28E5312C5824AA00039007 = {
						CreatedOnToolsVersion = 15.4;
					};
					9A000012C5824AA00039001 = {
						CreatedOnToolsVersion = 15.4;
						TestTargetID = 8E28E5312C5824AA00039007;
					};
				};
			};
			buildConfigurationList = 8E28E52D2C5824AA00039007 /* Build configuration list for PBXProject "Oxygenie" */;
			compatibilityVersion = "Xcode 14.0";
			developmentRegion = en;
			hasScannedForEncodings = 0;
			knownRegions = (
				en,
				Base,
			);
			mainGroup = 8E28E5292C5824AA00039007;
			productRefGroup = 8E28E5332C5824AA00039007 /* Products */;
			projectDirPath = "";
			projectRoot = "";
			targets = (
				8E28E5312C5824AA00039007 /* Oxygenie */,
				9A000012C5824AA00039001 /* OxygenieTests */,
			);
		};
/* End PBXProject section */

/* Begin PBXResourcesBuildPhase section */
		8E28E5302C5824AA00039007 /* Resources */ = {
			isa = PBXResourcesBuildPhase;
			buildActionMask = 2147483647;
			files = (
				8EBA47DE2C5A792200CC9C30 /* Assets.xcassets in Resources */,
			);
			runOnlyForDeploymentPostprocessing = 0;
		};
		9A000012C5824AA00039004 /* Resources */ = {
			isa = PBXResourcesBuildPhase;
			buildActionMask = 2147483647;
			files = (
			);
			runOnlyForDeploymentPostprocessing = 0;
		};
/* End PBXResourcesBuildPhase section */

/* Begin PBXSourcesBuildPhase section */
		8E28E52E2C5824AA00039007 /* Sources */ = {
			isa = PBXSourcesBuildPhase;
			buildActionMask = 2147483647;
			files = (
				1B000012C5824AA00039001 /* AppLogger.swift in Sources */,
				1B000012C5824AA00039002 /* AirQualityError.swift in Sources */,
				1B000012C5824AA00039003 /* AQIMetrics.swift in Sources */,
				1B000012C5824AA00039004 /* AirQualityModels.swift in Sources */,
				1B000012C5824AA00039005 /* AirQualityCache.swift in Sources */,
				1B000012C5824AA00039006 /* AirQualityService.swift in Sources */,
				1B000012C5824AA00039007 /* LocationService.swift in Sources */,
				1B000012C5824AA00039008 /* AirQualityViewModel.swift in Sources */,
				1B000012C5824AA00039009 /* PreferencesView.swift in Sources */,
				1B000012C5824AA0003900A /* AirQualityInfoView.swift in Sources */,
				1B000012C5824AA0003900B /* NSColor+AQI.swift in Sources */,
				1B000012C5824AA0003900C /* WelcomeView.swift in Sources */,
				8E859D382C5927700043F4A8 /* ContentView.swift in Sources */,
				8E28E5362C5824AA00039007 /* air_qualityApp.swift in Sources */,
			);
			runOnlyForDeploymentPostprocessing = 0;
		};
		9A000012C5824AA00039003 /* Sources */ = {
			isa = PBXSourcesBuildPhase;
			buildActionMask = 2147483647;
			files = (
				9E000012C5824AA00039001 /* AQIMetricsTests.swift in Sources */,
				9E000012C5824AA00039002 /* AirQualityDecodingTests.swift in Sources */,
			);
			runOnlyForDeploymentPostprocessing = 0;
		};
/* End PBXSourcesBuildPhase section */

/* Begin PBXTargetDependency section */
		9F000012C5824AA00039002 /* PBXTargetDependency */ = {
			isa = PBXTargetDependency;
			target = 8E28E5312C5824AA00039007 /* Oxygenie */;
			targetProxy = 9F000012C5824AA00039001 /* PBXContainerItemProxy */;
		};
/* End PBXTargetDependency section */

/* Begin XCBuildConfiguration section */
		8E28E53F2C5824AC00039007 /* Debug */ = {
			isa = XCBuildConfiguration;
			buildSettings = {
				ALWAYS_SEARCH_USER_PATHS = NO;
				ASSETCATALOG_COMPILER_GENERATE_SWIFT_ASSET_SYMBOL_EXTENSIONS = YES;
				CLANG_ANALYZER_NONNULL = YES;
				CLANG_ANALYZER_NUMBER_OBJECT_CONVERSION = YES_AGGRESSIVE;
				CLANG_CXX_LANGUAGE_STANDARD = "gnu++20";
				CLANG_ENABLE_MODULES = YES;
				CLANG_ENABLE_OBJC_ARC = YES;
				CLANG_ENABLE_OBJC_WEAK = YES;
				CLANG_WARN_BLOCK_CAPTURE_AUTORELEASING = YES;
				CLANG_WARN_BOOL_CONVERSION = YES;
				CLANG_WARN_COMMA = YES;
				CLANG_WARN_CONSTANT_CONVERSION = YES;
				CLANG_WARN_DEPRECATED_OBJC_IMPLEMENTATIONS = YES;
				CLANG_WARN_DIRECT_OBJC_ISA_USAGE = YES_ERROR;
				CLANG_WARN_DOCUMENTATION_COMMENTS = YES;
				CLANG_WARN_EMPTY_BODY = YES;
				CLANG_WARN_ENUM_CONVERSION = YES;
				CLANG_WARN_INFINITE_RECURSION = YES;
				CLANG_WARN_INT_CONVERSION = YES;
				CLANG_WARN_NON_LITERAL_NULL_CONVERSION = YES;
				CLANG_WARN_OBJC_IMPLICIT_RETAIN_SELF = YES;
				CLANG_WARN_OBJC_LITERAL_CONVERSION = YES;
				CLANG_WARN_OBJC_ROOT_CLASS = YES_ERROR;
				CLANG_WARN_QUOTED_INCLUDE_IN_FRAMEWORK_HEADER = YES;
				CLANG_WARN_RANGE_LOOP_ANALYSIS = YES;
				CLANG_WARN_STRICT_PROTOTYPES = YES;
				CLANG_WARN_SUSPICIOUS_MOVE = YES;
				CLANG_WARN_UNGUARDED_AVAILABILITY = YES_AGGRESSIVE;
				CLANG_WARN_UNREACHABLE_CODE = YES;
				CLANG_WARN__DUPLICATE_METHOD_MATCH = YES;
				COPY_PHASE_STRIP = NO;
				DEBUG_INFORMATION_FORMAT = dwarf;
				ENABLE_STRICT_OBJC_MSGSEND = YES;
				ENABLE_TESTABILITY = YES;
				ENABLE_USER_SCRIPT_SANDBOXING = YES;
				GCC_C_LANGUAGE_STANDARD = gnu17;
				GCC_DYNAMIC_NO_PIC = NO;
				GCC_NO_COMMON_BLOCKS = YES;
				GCC_OPTIMIZATION_LEVEL = 0;
				GCC_PREPROCESSOR_DEFINITIONS = (
					"DEBUG=1",
					"$(inherited)",
				);
				GCC_WARN_64_TO_32_BIT_CONVERSION = YES;
				GCC_WARN_ABOUT_RETURN_TYPE = YES_ERROR;
				GCC_WARN_UNDECLARED_SELECTOR = YES;
				GCC_WARN_UNINITIALIZED_AUTOS = YES_AGGRESSIVE;
				GCC_WARN_UNUSED_FUNCTION = YES;
				GCC_WARN_UNUSED_VARIABLE = YES;
				LOCALIZATION_PREFERS_STRING_CATALOGS = YES;
				MACOSX_DEPLOYMENT_TARGET = 14.5;
				MTL_ENABLE_DEBUG_INFO = INCLUDE_SOURCE;
				MTL_FAST_MATH = YES;
				ONLY_ACTIVE_ARCH = YES;
				SDKROOT = macosx;
				SWIFT_ACTIVE_COMPILATION_CONDITIONS = "DEBUG $(inherited)";
				SWIFT_OPTIMIZATION_LEVEL = "-Onone";
			};
			name = Debug;
		};
		8E28E5402C5824AC00039007 /* Release */ = {
			isa = XCBuildConfiguration;
			buildSettings = {
				ALWAYS_SEARCH_USER_PATHS = NO;
				ASSETCATALOG_COMPILER_GENERATE_SWIFT_ASSET_SYMBOL_EXTENSIONS = YES;
				CLANG_ANALYZER_NONNULL = YES;
				CLANG_ANALYZER_NUMBER_OBJECT_CONVERSION = YES_AGGRESSIVE;
				CLANG_CXX_LANGUAGE_STANDARD = "gnu++20";
				CLANG_ENABLE_MODULES = YES;
				CLANG_ENABLE_OBJC_ARC = YES;
				CLANG_ENABLE_OBJC_WEAK = YES;
				CLANG_WARN_BLOCK_CAPTURE_AUTORELEASING = YES;
				CLANG_WARN_BOOL_CONVERSION = YES;
				CLANG_WARN_COMMA = YES;
				CLANG_WARN_CONSTANT_CONVERSION = YES;
				CLANG_WARN_DEPRECATED_OBJC_IMPLEMENTATIONS = YES;
				CLANG_WARN_DIRECT_OBJC_ISA_USAGE = YES_ERROR;
				CLANG_WARN_DOCUMENTATION_COMMENTS = YES;
				CLANG_WARN_EMPTY_BODY = YES;
				CLANG_WARN_ENUM_CONVERSION = YES;
				CLANG_WARN_INFINITE_RECURSION = YES;
				CLANG_WARN_INT_CONVERSION = YES;
				CLANG_WARN_NON_LITERAL_NULL_CONVERSION = YES;
				CLANG_WARN_OBJC_IMPLICIT_RETAIN_SELF = YES;
				CLANG_WARN_OBJC_LITERAL_CONVERSION = YES;
				CLANG_WARN_OBJC_ROOT_CLASS = YES_ERROR;
				CLANG_WARN_QUOTED_INCLUDE_IN_FRAMEWORK_HEADER = YES;
				CLANG_WARN_RANGE_LOOP_ANALYSIS = YES;
				CLANG_WARN_STRICT_PROTOTYPES = YES;
				CLANG_WARN_SUSPICIOUS_MOVE = YES;
				CLANG_WARN_UNGUARDED_AVAILABILITY = YES_AGGRESSIVE;
				CLANG_WARN_UNREACHABLE_CODE = YES;
				CLANG_WARN__DUPLICATE_METHOD_MATCH = YES;
				COPY_PHASE_STRIP = NO;
				DEBUG_INFORMATION_FORMAT = "dwarf-with-dsym";
				ENABLE_NS_ASSERTIONS = NO;
				ENABLE_STRICT_OBJC_MSGSEND = YES;
				ENABLE_USER_SCRIPT_SANDBOXING = YES;
				GCC_C_LANGUAGE_STANDARD = gnu17;
				GCC_NO_COMMON_BLOCKS = YES;
				GCC_WARN_64_TO_32_BIT_CONVERSION = YES;
				GCC_WARN_ABOUT_RETURN_TYPE = YES_ERROR;
				GCC_WARN_UNDECLARED_SELECTOR = YES;
				GCC_WARN_UNINITIALIZED_AUTOS = YES_AGGRESSIVE;
				GCC_WARN_UNUSED_FUNCTION = YES;
				GCC_WARN_UNUSED_VARIABLE = YES;
				LOCALIZATION_PREFERS_STRING_CATALOGS = YES;
				MACOSX_DEPLOYMENT_TARGET = 14.5;
				MTL_ENABLE_DEBUG_INFO = NO;
				MTL_FAST_MATH = YES;
				SDKROOT = macosx;
				SWIFT_COMPILATION_MODE = wholemodule;
			};
			name = Release;
		};
		8E28E5422C5824AC00039007 /* Debug */ = {
			isa = XCBuildConfiguration;
			buildSettings = {
				ASSETCATALOG_COMPILER_APPICON_NAME = AppIcon;
				"ASSETCATALOG_COMPILER_APPICON_NAME[sdk=macosx*]" = AppIcon;
				ASSETCATALOG_COMPILER_INCLUDE_ALL_APPICON_ASSETS = YES;
				CODE_SIGN_ENTITLEMENTS = "air-quality.entitlements";
				"CODE_SIGN_IDENTITY[sdk=macosx*]" = "Apple Development";
				CODE_SIGN_STYLE = Automatic;
				COMBINE_HIDPI_IMAGES = YES;
				CURRENT_PROJECT_VERSION = 5;
				DEVELOPMENT_ASSET_PATHS = "";
				DEVELOPMENT_TEAM = ZS866NWVAV;
				ENABLE_HARDENED_RUNTIME = YES;
				ENABLE_PREVIEWS = YES;
				GENERATE_INFOPLIST_FILE = YES;
				INFOPLIST_KEY_CFBundleDisplayName = Oxygenie;
				INFOPLIST_KEY_LSApplicationCategoryType = "public.app-category.utilities";
				INFOPLIST_KEY_LSUIElement = YES;
				INFOPLIST_KEY_NSHumanReadableCopyright = "";
				INFOPLIST_KEY_NSLocationUsageDescription = "Oxygenie uses your location to fetch local air quality from the Open-Meteo API. Coordinates are not stored on our servers.";
				INFOPLIST_KEY_NSLocationWhenInUseUsageDescription = "Oxygenie uses your location to fetch local air quality from the Open-Meteo API. Coordinates are not stored on our servers.";
				INFOPLIST_KEY_NSUserNotificationsUsageDescription = "Oxygenie can notify you when air quality crosses the AQI threshold you set in Preferences.";
				LD_RUNPATH_SEARCH_PATHS = (
					"$(inherited)",
					"@executable_path/../Frameworks",
				);
				MACOSX_DEPLOYMENT_TARGET = 14.5;
				MARKETING_VERSION = 2.0;
				PRODUCT_BUNDLE_IDENTIFIER = "roryflint.air-quality";
				PRODUCT_NAME = "$(TARGET_NAME)";
				SWIFT_EMIT_LOC_STRINGS = YES;
				SWIFT_VERSION = 5.0;
			};
			name = Debug;
		};
		8E28E5432C5824AC00039007 /* Release */ = {
			isa = XCBuildConfiguration;
			buildSettings = {
				ASSETCATALOG_COMPILER_APPICON_NAME = AppIcon;
				"ASSETCATALOG_COMPILER_APPICON_NAME[sdk=macosx*]" = AppIcon;
				ASSETCATALOG_COMPILER_INCLUDE_ALL_APPICON_ASSETS = YES;
				CODE_SIGN_ENTITLEMENTS = "air-quality.entitlements";
				"CODE_SIGN_IDENTITY[sdk=macosx*]" = "Apple Development";
				CODE_SIGN_STYLE = Automatic;
				COMBINE_HIDPI_IMAGES = YES;
				CURRENT_PROJECT_VERSION = 5;
				DEVELOPMENT_ASSET_PATHS = "";
				DEVELOPMENT_TEAM = ZS866NWVAV;
				ENABLE_HARDENED_RUNTIME = YES;
				ENABLE_PREVIEWS = YES;
				GENERATE_INFOPLIST_FILE = YES;
				INFOPLIST_KEY_CFBundleDisplayName = Oxygenie;
				INFOPLIST_KEY_LSApplicationCategoryType = "public.app-category.utilities";
				INFOPLIST_KEY_LSUIElement = YES;
				INFOPLIST_KEY_NSHumanReadableCopyright = "";
				INFOPLIST_KEY_NSLocationUsageDescription = "Oxygenie uses your location to fetch local air quality from the Open-Meteo API. Coordinates are not stored on our servers.";
				INFOPLIST_KEY_NSLocationWhenInUseUsageDescription = "Oxygenie uses your location to fetch local air quality from the Open-Meteo API. Coordinates are not stored on our servers.";
				INFOPLIST_KEY_NSUserNotificationsUsageDescription = "Oxygenie can notify you when air quality crosses the AQI threshold you set in Preferences.";
				LD_RUNPATH_SEARCH_PATHS = (
					"$(inherited)",
					"@executable_path/../Frameworks",
				);
				MACOSX_DEPLOYMENT_TARGET = 14.5;
				MARKETING_VERSION = 2.0;
				PRODUCT_BUNDLE_IDENTIFIER = "roryflint.air-quality";
				PRODUCT_NAME = "$(TARGET_NAME)";
				SWIFT_EMIT_LOC_STRINGS = YES;
				SWIFT_VERSION = 5.0;
			};
			name = Release;
		};
		9A000012C5824AA00039005 /* Debug */ = {
			isa = XCBuildConfiguration;
			buildSettings = {
				BUNDLE_LOADER = "$(TEST_HOST)";
				CODE_SIGN_STYLE = Automatic;
				CURRENT_PROJECT_VERSION = 5;
				DEVELOPMENT_TEAM = ZS866NWVAV;
				GENERATE_INFOPLIST_FILE = YES;
				MACOSX_DEPLOYMENT_TARGET = 14.5;
				MARKETING_VERSION = 2.0;
				PRODUCT_BUNDLE_IDENTIFIER = "roryflint.air-quality.tests";
				PRODUCT_NAME = "$(TARGET_NAME)";
				SWIFT_EMIT_LOC_STRINGS = NO;
				SWIFT_VERSION = 5.0;
				TEST_HOST = "$(BUILT_PRODUCTS_DIR)/Oxygenie.app/Contents/MacOS/Oxygenie";
			};
			name = Debug;
		};
		9A000012C5824AA00039006 /* Release */ = {
			isa = XCBuildConfiguration;
			buildSettings = {
				BUNDLE_LOADER = "$(TEST_HOST)";
				CODE_SIGN_STYLE = Automatic;
				CURRENT_PROJECT_VERSION = 5;
				DEVELOPMENT_TEAM = ZS866NWVAV;
				GENERATE_INFOPLIST_FILE = YES;
				MACOSX_DEPLOYMENT_TARGET = 14.5;
				MARKETING_VERSION = 2.0;
				PRODUCT_BUNDLE_IDENTIFIER = "roryflint.air-quality.tests";
				PRODUCT_NAME = "$(TARGET_NAME)";
				SWIFT_EMIT_LOC_STRINGS = NO;
				SWIFT_VERSION = 5.0;
				TEST_HOST = "$(BUILT_PRODUCTS_DIR)/Oxygenie.app/Contents/MacOS/Oxygenie";
			};
			name = Release;
		};
/* End XCBuildConfiguration section */

/* Begin XCConfigurationList section */
		8E28E52D2C5824AA00039007 /* Build configuration list for PBXProject "Oxygenie" */ = {
			isa = XCConfigurationList;
			buildConfigurations = (
				8E28E53F2C5824AC00039007 /* Debug */,
				8E28E5402C5824AC00039007 /* Release */,
			);
			defaultConfigurationIsVisible = 0;
			defaultConfigurationName = Release;
		};
		8E28E5412C5824AC00039007 /* Build configuration list for PBXNativeTarget "Oxygenie" */ = {
			isa = XCConfigurationList;
			buildConfigurations = (
				8E28E5422C5824AC00039007 /* Debug */,
				8E28E5432C5824AC00039007 /* Release */,
			);
			defaultConfigurationIsVisible = 0;
			defaultConfigurationName = Release;
		};
		9A000012C5824AA00039002 /* Build configuration list for PBXNativeTarget "OxygenieTests" */ = {
			isa = XCConfigurationList;
			buildConfigurations = (
				9A000012C5824AA00039005 /* Debug */,
				9A000012C5824AA00039006 /* Release */,
			);
			defaultConfigurationIsVisible = 0;
			defaultConfigurationName = Release;
		};
/* End XCConfigurationList section */
	};
	rootObject = 8E28E52A2C5824AA00039007 /* Project object */;
}
